// !$*UTF8*$!
{
	archiveVersion = 1;
	classes = {
	};
	objectVersion = 56;
	objects = {

/* Begin PBXBuildFile section */
		129EFFA62B9116B600E6D4BC /* SwiftUIChartsApp.swift in Sources */ = {isa = PBXBuildFile; fileRef = 129EFFA52B9116B600E6D4BC /* SwiftUIChartsApp.swift */; };
		129EFFA82B9116B600E6D4BC /* ContentView.swift in Sources */ = {isa = PBXBuildFile; fileRef = 129EFFA72B9116B600E6D4BC /* ContentView.swift */; };
		129EFFAA2B9116B700E6D4BC /* Assets.xcassets in Resources */ = {isa = PBXBuildFile; fileRef = 129EFFA92B9116B700E6D4BC /* Assets.xcassets */; };
		129EFFAE2B9116B700E6D4BC /* Preview Assets.xcassets in Resources */ = {isa = PBXBuildFile; fileRef = 129EFFAD2B9116B700E6D4BC /* Preview Assets.xcassets */; };
		129EFFB82B9116B700E6D4BC /* SwiftUIChartsTests.swift in Sources */ = {isa = PBXBuildFile; fileRef = 129EFFB72B9116B700E6D4BC /* SwiftUIChartsTests.swift */; };
		129EFFC22B9116B800E6D4BC /* SwiftUIChartsUITests.swift in Sources */ = {isa = PBXBuildFile; fileRef = 129EFFC12B9116B800E6D4BC /* SwiftUIChartsUITests.swift */; };
		129EFFC42B9116B800E6D4BC /* SwiftUIChartsUITestsLaunchTests.swift in Sources */ = {isa = PBXBuildFile; fileRef = 129EFFC32B9116B800E6D4BC /* SwiftUIChartsUITestsLaunchTests.swift */; };
/* End PBXBuildFile section */

/* Begin PBXContainerItemProxy section */
		129EFFB42B9116B700E6D4BC /* PBXContainerItemProxy */ = {
			isa = PBXContainerItemProxy;
			containerPortal = 129EFF9A2B9116B600E6D4BC /* Project object */;
			proxyType = 1;
			remoteGlobalIDString = 129EFFA12B9116B600E6D4BC;
			remoteInfo = SwiftUICharts;
		};
		129EFFBE2B9116B700E6D4BC /* PBXContainerItemProxy */ = {
			isa = PBXContainerItemProxy;
			containerPortal = 129EFF9A2B9116B600E6D4BC /* Project object */;
			proxyType = 1;
			remoteGlobalIDString = 129EFFA12B9116B600E6D4BC;
			remoteInfo = SwiftUICharts;
		};
/* End PBXContainerItemProxy section */

/* Begin PBXFileReference section */
		129EFFA22B9116B600E6D4BC /* SwiftUICharts.app */ = {isa = PBXFileReference; explicitFileType = wrapper.application; includeInIndex = 0; path = SwiftUICharts.app; sourceTree = BUILT_PRODUCTS_DIR; };
		129EFFA52B9116B600E6D4BC /* SwiftUIChartsApp.swift */ = {isa = PBXFileReference; lastKnownFileType = sourcecode.swift; path = SwiftUIChartsApp.swift; sourceTree = "<group>"; };
		129EFFA72B9116B600E6D4BC /* ContentView.swift */ = {isa = PBXFileReference; lastKnownFileType = sourcecode.swift; path = ContentView.swift; sourceTree = "<group>"; };
		129EFFA92B9116B700E6D4BC /* Assets.xcassets */ = {isa = PBXFileReference; lastKnownFileType = folder.assetcatalog; path = Assets.xcassets; sourceTree = "<group>"; };
		129EFFAB2B9116B700E6D4BC /* SwiftUICharts.entitlements */ = {isa = PBXFileReference; lastKnownFileType = text.plist.entitlements; path = SwiftUICharts.entitlements; sourceTree = "<group>"; };
		129EFFAD2B9116B700E6D4BC /* Preview Assets.xcassets */ = {isa = PBXFileReference; lastKnownFileType = folder.assetcatalog; path = "Preview Assets.xcassets"; sourceTree = "<group>"; };
		129EFFB32B9116B700E6D4BC /* SwiftUIChartsTests.xctest */ = {isa = PBXFileReference; explicitFileType = wrapper.cfbundle; includeInIndex = 0; path = SwiftUIChartsTests.xctest; sourceTree = BUILT_PRODUCTS_DIR; };
		129EFFB72B9116B700E6D4BC /* SwiftUIChartsTests.swift */ = {isa = PBXFileReference; lastKnownFileType = sourcecode.swift; path = SwiftUIChartsTests.swift; sourceTree = "<group>"; };
		129EFFBD2B9116B700E6D4BC /* SwiftUIChartsUITests.xctest */ = {isa = PBXFileReference; explicitFileType = wrapper.cfbundle; includeInIndex = 0; path = SwiftUIChartsUITests.xctest; sourceTree = BUILT_PRODUCTS_DIR; };
		129EFFC12B9116B800E6D4BC /* SwiftUIChartsUITests.swift */ = {isa = PBXFileReference; lastKnownFileType = sourcecode.swift; path = SwiftUIChartsUITests.swift; sourceTree = "<group>"; };
		129EFFC32B9116B800E6D4BC /* SwiftUIChartsUITestsLaunchTests.swift */ = {isa = PBXFileReference; lastKnownFileType = sourcecode.swift; path = SwiftUIChartsUITestsLaunchTests.swift; sourceTree = "<group>"; };
/* End PBXFileReference section */

/* Begin PBXFrameworksBuildPhase section */
		129EFF9F2B9116B600E6D4BC /* Frameworks */ = {
			isa = PBXFrameworksBuildPhase;
			buildActionMask = 2147483647;
			files = (
			);
			runOnlyForDeploymentPostprocessing = 0;
		};
		129EFFB02B9116B700E6D4BC /* Frameworks */ = {
			isa = PBXFrameworksBuildPhase;
			buildActionMask = 2147483647;
			files = (
			);
			runOnlyForDeploymentPostprocessing = 0;
		};
		129EFFBA2B9116B700E6D4BC /* Frameworks */ = {
			isa = PBXFrameworksBuildPhase;
			buildActionMask = 2147483647;
			files = (
			);
			runOnlyForDeploymentPostprocessing = 0;
		};
/* End PBXFrameworksBuildPhase section */

/* Begin PBXGroup section */
		129EFF992B9116B600E6D4BC = {
			isa = PBXGroup;
			children = (
				129EFFA42B9116B600E6D4BC /* SwiftUICharts */,
				129EFFB62B9116B700E6D4BC /* SwiftUIChartsTests */,
				129EFFC02B9116B800E6D4BC /* SwiftUIChartsUITests */,
				129EFFA32B9116B600E6D4BC /* Products */,
			);
			sourceTree = "<group>";
		};
		129EFFA32B9116B600E6D4BC /* Products */ = {
			isa = PBXGroup;
			children = (
				129EFFA22B9116B600E6D4BC /* SwiftUICharts.app */,
				129EFFB32B9116B700E6D4BC /* SwiftUIChartsTests.xctest */,
				129EFFBD2B9116B700E6D4BC /* SwiftUIChartsUITests.xctest */,
			);
			name = Products;
			sourceTree = "<group>";
		};
		129EFFA42B9116B600E6D4BC /* SwiftUICharts */ = {
			isa = PBXGroup;
			children = (
				129EFFA52B9116B600E6D4BC /* SwiftUIChartsApp.swift */,
				129EFFA72B9116B600E6D4BC /* ContentView.swift */,
				129EFFA92B9116B700E6D4BC /* Assets.xcassets */,
				129EFFAB2B9116B700E6D4BC /* SwiftUICharts.entitlements */,
				129EFFAC2B9116B700E6D4BC /* Preview Content */,
			);
			path = SwiftUICharts;
			sourceTree = "<group>";
		};
		129EFFAC2B9116B700E6D4BC /* Preview Content */ = {
			isa = PBXGroup;
			children = (
				129EFFAD2B9116B700E6D4BC /* Preview Assets.xcassets */,
			);
			path = "Preview Content";
			sourceTree = "<group>";
		};
		129EFFB62B9116B700E6D4BC /* SwiftUIChartsTests */ = {
			isa = PBXGroup;
			children = (
				129EFFB72B9116B700E6D4BC /* SwiftUIChartsTests.swift */,
			);
			path = SwiftUIChartsTests;
			sourceTree = "<group>";
		};
		129EFFC02B9116B800E6D4BC /* SwiftUIChartsUITests */ = {
			isa = PBXGroup;
			children = (
				129EFFC12B9116B800E6D4BC /* SwiftUIChartsUITests.swift */,
				129EFFC32B9116B800E6D4BC /* SwiftUIChartsUITestsLaunchTests.swift */,
			);
			path = SwiftUIChartsUITests;
			sourceTree = "<group>";
		};
/* End PBXGroup section */

/* Begin PBXNativeTarget section */
		129EFFA12B9116B600E6D4BC /* SwiftUICharts */ = {
			isa = PBXNativeTarget;
			buildConfigurationList = 129EFFC72B9116B800E6D4BC /* Build configuration list for PBXNativeTarget "SwiftUICharts" */;
			buildPhases = (
				129EFF9E2B9116B600E6D4BC /* Sources */,
				129EFF9F2B9116B600E6D4BC /* Frameworks */,
				129EFFA02B9116B600E6D4BC /* Resources */,
			);
			buildRules = (
			);
			dependencies = (
			);
			name = SwiftUICharts;
			productName = SwiftUICharts;
			productReference = 129EFFA22B9116B600E6D4BC /* SwiftUICharts.app */;
			productType = "com.apple.product-type.application";
		};
		129EFFB22B9116B700E6D4BC /* SwiftUIChartsTests */ = {
			isa = PBXNativeTarget;
			buildConfigurationList = 129EFFCA2B9116B800E6D4BC /* Build configuration list for PBXNativeTarget "SwiftUIChartsTests" */;
			buildPhases = (
				129EFFAF2B9116B700E6D4BC /* Sources */,
				129EFFB02B9116B700E6D4BC /* Frameworks */,
				129EFFB12B9116B700E6D4BC /* Resources */,
			);
			buildRules = (
			);
			dependencies = (
				129EFFB52B9116B700E6D4BC /* PBXTargetDependency */,
			);
			name = SwiftUIChartsTests;
			productName = SwiftUIChartsTests;
			productReference = 129EFFB32B9116B700E6D4BC /* SwiftUIChartsTests.xctest */;
			productType = "com.apple.product-type.bundle.unit-test";
		};
		129EFFBC2B9116B700E6D4BC /* SwiftUIChartsUITests */ = {
			isa = PBXNativeTarget;
			buildConfigurationList = 129EFFCD2B9116B800E6D4BC /* Build configuration list for PBXNativeTarget "SwiftUIChartsUITests" */;
			buildPhases = (
				129EFFB92B9116B700E6D4BC /* Sources */,
				129EFFBA2B9116B700E6D4BC /* Frameworks */,
				129EFFBB2B9116B700E6D4BC /* Resources */,
			);
			buildRules = (
			);
			dependencies = (
				129EFFBF2B9116B700E6D4BC /* PBXTargetDependency */,
			);
			name = SwiftUIChartsUITests;
			productName = SwiftUIChartsUITests;
			productReference = 129EFFBD2B9116B700E6D4BC /* SwiftUIChartsUITests.xctest */;
			productType = "com.apple.product-type.bundle.ui-testing";
		};
/* End PBXNativeTarget section */

/* Begin PBXProject section */
		129EFF9A2B9116B600E6D4BC /* Project object */ = {
			isa = PBXProject;
			attributes = {
				BuildIndependentTargetsInParallel = 1;
				LastSwiftUpdateCheck = 1520;
				LastUpgradeCheck = 1520;
				TargetAttributes = {
					129EFFA12B9116B600E6D4BC = {
						CreatedOnToolsVersion = 15.2;
					};
					129EFFB22B9116B700E6D4BC = {
						CreatedOnToolsVersion = 15.2;
						TestTargetID = 129EFFA12B9116B600E6D4BC;
					};
					129EFFBC2B9116B700E6D4BC = {
						CreatedOnToolsVersion = 15.2;
						TestTargetID = 129EFFA12B9116B600E6D4BC;
					};
				};
			};
			buildConfigurationList = 129EFF9D2B9116B600E6D4BC /* Build configuration list for PBXProject "SwiftUICharts" */;
			compatibilityVersion = "Xcode 14.0";
			developmentRegion = en;
			hasScannedForEncodings = 0;
			knownRegions = (
				en,
				Base,
			);
			mainGroup = 129EFF992B9116B600E6D4BC;
			productRefGroup = 129EFFA32B9116B600E6D4BC /* Products */;
			projectDirPath = "";
			projectRoot = "";
			targets = (
				129EFFA12B9116B600E6D4BC /* SwiftUICharts */,
				129EFFB22B9116B700E6D4BC /* SwiftUIChartsTests */,
				129EFFBC2B9116B700E6D4BC /* SwiftUIChartsUITests */,
			);
		};
/* End PBXProject section */

/* Begin PBXResourcesBuildPhase section */
		129EFFA02B9116B600E6D4BC /* Resources */ = {
			isa = PBXResourcesBuildPhase;
			buildActionMask = 2147483647;
			files = (
				129EFFAE2B9116B700E6D4BC /* Preview Assets.xcassets in Resources */,
				129EFFAA2B9116B700E6D4BC /* Assets.xcassets in Resources */,
			);
			runOnlyForDeploymentPostprocessing = 0;
		};
		129EFFB12B9116B700E6D4BC /* Resources */ = {
			isa = PBXResourcesBuildPhase;
			buildActionMask = 2147483647;
			files = (
			);
			runOnlyForDeploymentPostprocessing = 0;
		};
		129EFFBB2B9116B700E6D4BC /* Resources */ = {
			isa = PBXResourcesBuildPhase;
			buildActionMask = 2147483647;
			files = (
			);
			runOnlyForDeploymentPostprocessing = 0;
		};
/* End PBXResourcesBuildPhase section */

/* Begin PBXSourcesBuildPhase section */
		129EFF9E2B9116B600E6D4BC /* Sources */ = {
			isa = PBXSourcesBuildPhase;
			buildActionMask = 2147483647;
			files = (
				129EFFA82B9116B600E6D4BC /* ContentView.swift in Sources */,
				129EFFA62B9116B600E6D4BC /* SwiftUIChartsApp.swift in Sources */,
			);
			runOnlyForDeploymentPostprocessing = 0;
		};
		129EFFAF2B9116B700E6D4BC /* Sources */ = {
			isa = PBXSourcesBuildPhase;
			buildActionMask = 2147483647;
			files = (
				129EFFB82B9116B700E6D4BC /* SwiftUIChartsTests.swift in Sources */,
			);
			runOnlyForDeploymentPostprocessing = 0;
		};
		129EFFB92B9116B700E6D4BC /* Sources */ = {
			isa = PBXSourcesBuildPhase;
			buildActionMask = 2147483647;
			files = (
				129EFFC22B9116B800E6D4BC /* SwiftUIChartsUITests.swift in Sources */,
				129EFFC42B9116B800E6D4BC /* SwiftUIChartsUITestsLaunchTests.swift in Sources */,
			);
			runOnlyForDeploymentPostprocessing = 0;
		};
/* End PBXSourcesBuildPhase section */

/* Begin PBXTargetDependency section */
		129EFFB52B9116B700E6D4BC /* PBXTargetDependency */ = {
			isa = PBXTargetDependency;
			target = 129EFFA12B9116B600E6D4BC /* SwiftUICharts */;
			targetProxy = 129EFFB42B9116B700E6D4BC /* PBXContainerItemProxy */;
		};
		129EFFBF2B9116B700E6D4BC /* PBXTargetDependency */ = {
			isa = PBXTargetDependency;
			target = 129EFFA12B9116B600E6D4BC /* SwiftUICharts */;
			targetProxy = 129EFFBE2B9116B700E6D4BC /* PBXContainerItemProxy */;
		};
/* End PBXTargetDependency section */

/* Begin XCBuildConfiguration section */
		129EFFC52B9116B800E6D4BC /* Debug */ = {
			isa = XCBuildConfiguration;
			buildSettings = {
				ALWAYS_SEARCH_USER_PATHS = NO;
				ASSETCATALOG_COMPILER_GENERATE_SWIFT_ASSET_SYMBOL_EXTENSIONS = YES;
				CLANG_ANALYZER_NONNULL = YES;
				CLANG_ANALYZER_NUMBER_OBJECT_CONVERSION = YES_AGGRESSIVE;
				CLANG_CXX_LANGUAGE_STANDARD = "gnu++20";
				CLANG_ENABLE_MODULES = YES;
				CLANG_ENABLE_OBJC_ARC = YES;
				CLANG_ENABLE_OBJC_WEAK = YES;
				CLANG_WARN_BLOCK_CAPTURE_AUTORELEASING = YES;
				CLANG_WARN_BOOL_CONVERSION = YES;
				CLANG_WARN_COMMA = YES;
				CLANG_WARN_CONSTANT_CONVERSION = YES;
				CLANG_WARN_DEPRECATED_OBJC_IMPLEMENTATIONS = YES;
				CLANG_WARN_DIRECT_OBJC_ISA_USAGE = YES_ERROR;
				CLANG_WARN_DOCUMENTATION_COMMENTS = YES;
				CLANG_WARN_EMPTY_BODY = YES;
				CLANG_WARN_ENUM_CONVERSION = YES;
				CLANG_WARN_INFINITE_RECURSION = YES;
				CLANG_WARN_INT_CONVERSION = YES;
				CLANG_WARN_NON_LITERAL_NULL_CONVERSION = YES;
				CLANG_WARN_OBJC_IMPLICIT_RETAIN_SELF = YES;
				CLANG_WARN_OBJC_LITERAL_CONVERSION = YES;
				CLANG_WARN_OBJC_ROOT_CLASS = YES_ERROR;
				CLANG_WARN_QUOTED_INCLUDE_IN_FRAMEWORK_HEADER = YES;
				CLANG_WARN_RANGE_LOOP_ANALYSIS = YES;
				CLANG_WARN_STRICT_PROTOTYPES = YES;
				CLANG_WARN_SUSPICIOUS_MOVE = YES;
				CLANG_WARN_UNGUARDED_AVAILABILITY = YES_AGGRESSIVE;
				CLANG_WARN_UNREACHABLE_CODE = YES;
				CLANG_WARN__DUPLICATE_METHOD_MATCH = YES;
				COPY_PHASE_STRIP = NO;
				DEBUG_INFORMATION_FORMAT = dwarf;
				ENABLE_STRICT_OBJC_MSGSEND = YES;
				ENABLE_TESTABILITY = YES;
				ENABLE_USER_SCRIPT_SANDBOXING = YES;
				GCC_C_LANGUAGE_STANDARD = gnu17;
				GCC_DYNAMIC_NO_PIC = NO;
				GCC_NO_COMMON_BLOCKS = YES;
				GCC_OPTIMIZATION_LEVEL = 0;
				GCC_PREPROCESSOR_DEFINITIONS = (
					"DEBUG=1",
					"$(inherited)",
				);
				GCC_WARN_64_TO_32_BIT_CONVERSION = YES;
				GCC_WARN_ABOUT_RETURN_TYPE = YES_ERROR;
				GCC_WARN_UNDECLARED_SELECTOR = YES;
				GCC_WARN_UNINITIALIZED_AUTOS = YES_AGGRESSIVE;
				GCC_WARN_UNUSED_FUNCTION = YES;
				GCC_WARN_UNUSED_VARIABLE = YES;
				LOCALIZATION_PREFERS_STRING_CATALOGS = YES;
				MTL_ENABLE_DEBUG_INFO = INCLUDE_SOURCE;
				MTL_FAST_MATH = YES;
				ONLY_ACTIVE_ARCH = YES;
				SWIFT_ACTIVE_COMPILATION_CONDITIONS = "DEBUG $(inherited)";
				SWIFT_OPTIMIZATION_LEVEL = "-Onone";
			};
			name = Debug;
		};
		129EFFC62B9116B800E6D4BC /* Release */ = {
			isa = XCBuildConfiguration;
			buildSettings = {
				ALWAYS_SEARCH_USER_PATHS = NO;
				ASSETCATALOG_COMPILER_GENERATE_SWIFT_ASSET_SYMBOL_EXTENSIONS = YES;
				CLANG_ANALYZER_NONNULL = YES;
				CLANG_ANALYZER_NUMBER_OBJECT_CONVERSION = YES_AGGRESSIVE;
				CLANG_CXX_LANGUAGE_STANDARD = "gnu++20";
				CLANG_ENABLE_MODULES = YES;
				CLANG_ENABLE_OBJC_ARC = YES;
				CLANG_ENABLE_OBJC_WEAK = YES;
				CLANG_WARN_BLOCK_CAPTURE_AUTORELEASING = YES;
				CLANG_WARN_BOOL_CONVERSION = YES;
				CLANG_WARN_COMMA = YES;
				CLANG_WARN_CONSTANT_CONVERSION = YES;
				CLANG_WARN_DEPRECATED_OBJC_IMPLEMENTATIONS = YES;
				CLANG_WARN_DIRECT_OBJC_ISA_USAGE = YES_ERROR;
				CLANG_WARN_DOCUMENTATION_COMMENTS = YES;
				CLANG_WARN_EMPTY_BODY = YES;
				CLANG_WARN_ENUM_CONVERSION = YES;
				CLANG_WARN_INFINITE_RECURSION = YES;
				CLANG_WARN_INT_CONVERSION = YES;
				CLANG_WARN_NON_LITERAL_NULL_CONVERSION = YES;
				CLANG_WARN_OBJC_IMPLICIT_RETAIN_SELF = YES;
				CLANG_WARN_OBJC_LITERAL_CONVERSION = YES;
				CLANG_WARN_OBJC_ROOT_CLASS = YES_ERROR;
				CLANG_WARN_QUOTED_INCLUDE_IN_FRAMEWORK_HEADER = YES;
				CLANG_WARN_RANGE_LOOP_ANALYSIS = YES;
				CLANG_WARN_STRICT_PROTOTYPES = YES;
				CLANG_WARN_SUSPICIOUS_MOVE = YES;
				CLANG_WARN_UNGUARDED_AVAILABILITY = YES_AGGRESSIVE;
				CLANG_WARN_UNREACHABLE_CODE = YES;
				CLANG_WARN__DUPLICATE_METHOD_MATCH = YES;
				COPY_PHASE_STRIP = NO;
				DEBUG_INFORMATION_FORMAT = "dwarf-with-dsym";
				ENABLE_NS_ASSERTIONS = NO;
				ENABLE_STRICT_OBJC_MSGSEND = YES;
				ENABLE_USER_SCRIPT_SANDBOXING = YES;
				GCC_C_LANGUAGE_STANDARD = gnu17;
				GCC_NO_COMMON_BLOCKS = YES;
				GCC_WARN_64_TO_32_BIT_CONVERSION = YES;
				GCC_WARN_ABOUT_RETURN_TYPE = YES_ERROR;
				GCC_WARN_UNDECLARED_SELECTOR = YES;
				GCC_WARN_UNINITIALIZED_AUTOS = YES_AGGRESSIVE;
				GCC_WARN_UNUSED_FUNCTION = YES;
				GCC_WARN_UNUSED_VARIABLE = YES;
				LOCALIZATION_PREFERS_STRING_CATALOGS = YES;
				MTL_ENABLE_DEBUG_INFO = NO;
				MTL_FAST_MATH = YES;
				SWIFT_COMPILATION_MODE = wholemodule;
			};
			name = Release;
		};
		129EFFC82B9116B800E6D4BC /* Debug */ = {
			isa = XCBuildConfiguration;
			buildSettings = {
				ASSETCATALOG_COMPILER_APPICON_NAME = AppIcon;
				ASSETCATALOG_COMPILER_GLOBAL_ACCENT_COLOR_NAME = AccentColor;
				CODE_SIGN_ENTITLEMENTS = SwiftUICharts/SwiftUICharts.entitlements;
				CODE_SIGN_STYLE = Automatic;
				CURRENT_PROJECT_VERSION = 1;
				DEVELOPMENT_ASSET_PATHS = "\"SwiftUICharts/Preview Content\"";
				DEVELOPMENT_TEAM = 8QQYNTY523;
				ENABLE_HARDENED_RUNTIME = YES;
				ENABLE_PREVIEWS = YES;
				GENERATE_INFOPLIST_FILE = YES;
				"INFOPLIST_KEY_UIApplicationSceneManifest_Generation[sdk=iphoneos*]" = YES;
				"INFOPLIST_KEY_UIApplicationSceneManifest_Generation[sdk=iphonesimulator*]" = YES;
				"INFOPLIST_KEY_UIApplicationSupportsIndirectInputEvents[sdk=iphoneos*]" = YES;
				"INFOPLIST_KEY_UIApplicationSupportsIndirectInputEvents[sdk=iphonesimulator*]" = YES;
				"INFOPLIST_KEY_UILaunchScreen_Generation[sdk=iphoneos*]" = YES;
				"INFOPLIST_KEY_UILaunchScreen_Generation[sdk=iphonesimulator*]" = YES;
				"INFOPLIST_KEY_UIStatusBarStyle[sdk=iphoneos*]" = UIStatusBarStyleDefault;
				"INFOPLIST_KEY_UIStatusBarStyle[sdk=iphonesimulator*]" = UIStatusBarStyleDefault;
				INFOPLIST_KEY_UISupportedInterfaceOrientations_iPad = "UIInterfaceOrientationPortrait UIInterfaceOrientationPortraitUpsideDown UIInterfaceOrientationLandscapeLeft UIInterfaceOrientationLandscapeRight";
				INFOPLIST_KEY_UISupportedInterfaceOrientations_iPhone = "UIInterfaceOrientationPortrait UIInterfaceOrientationLandscapeLeft UIInterfaceOrientationLandscapeRight";
				IPHONEOS_DEPLOYMENT_TARGET = 17.2;
				LD_RUNPATH_SEARCH_PATHS = "@executable_path/Frameworks";
				"LD_RUNPATH_SEARCH_PATHS[sdk=macosx*]" = "@executable_path/../Frameworks";
				MACOSX_DEPLOYMENT_TARGET = 14.2;
				MARKETING_VERSION = 1.0;
				PRODUCT_BUNDLE_IDENTIFIER = com.weldtactics.SwiftUICharts;
				PRODUCT_NAME = "$(TARGET_NAME)";
				SDKROOT = auto;
				SUPPORTED_PLATFORMS = "iphoneos iphonesimulator macosx";
				SWIFT_EMIT_LOC_STRINGS = YES;
				SWIFT_VERSION = 5.0;
				TARGETED_DEVICE_FAMILY = "1,2";
			};
			name = Debug;
		};
		129EFFC92B9116B800E6D4BC /* Release */ = {
			isa = XCBuildConfiguration;
			buildSettings = {
				ASSETCATALOG_COMPILER_APPICON_NAME = AppIcon;
				ASSETCATALOG_COMPILER_GLOBAL_ACCENT_COLOR_NAME = AccentColor;
				CODE_SIGN_ENTITLEMENTS = SwiftUICharts/SwiftUICharts.entitlements;
				CODE_SIGN_STYLE = Automatic;
				CURRENT_PROJECT_VERSION = 1;
				DEVELOPMENT_ASSET_PATHS = "\"SwiftUICharts/Preview Content\"";
				DEVELOPMENT_TEAM = 8QQYNTY523;
				ENABLE_HARDENED_RUNTIME = YES;
				ENABLE_PREVIEWS = YES;
				GENERATE_INFOPLIST_FILE = YES;
				"INFOPLIST_KEY_UIApplicationSceneManifest_Generation[sdk=iphoneos*]" = YES;
				"INFOPLIST_KEY_UIApplicationSceneManifest_Generation[sdk=iphonesimulator*]" = YES;
				"INFOPLIST_KEY_UIApplicationSupportsIndirectInputEvents[sdk=iphoneos*]" = YES;
				"INFOPLIST_KEY_UIApplicationSupportsIndirectInputEvents[sdk=iphonesimulator*]" = YES;
				"INFOPLIST_KEY_UILaunchScreen_Generation[sdk=iphoneos*]" = YES;
				"INFOPLIST_KEY_UILaunchScreen_Generation[sdk=iphonesimulator*]" = YES;
				"INFOPLIST_KEY_UIStatusBarStyle[sdk=iphoneos*]" = UIStatusBarStyleDefault;
				"INFOPLIST_KEY_UIStatusBarStyle[sdk=iphonesimulator*]" = UIStatusBarStyleDefault;
				INFOPLIST_KEY_UISupportedInterfaceOrientations_iPad = "UIInterfaceOrientationPortrait UIInterfaceOrientationPortraitUpsideDown UIInterfaceOrientationLandscapeLeft UIInterfaceOrientationLandscapeRight";
				INFOPLIST_KEY_UISupportedInterfaceOrientations_iPhone = "UIInterfaceOrientationPortrait UIInterfaceOrientationLandscapeLeft UIInterfaceOrientationLandscapeRight";
				IPHONEOS_DEPLOYMENT_TARGET = 17.2;
				LD_RUNPATH_SEARCH_PATHS = "@executable_path/Frameworks";
				"LD_RUNPATH_SEARCH_PATHS[sdk=macosx*]" = "@executable_path/../Frameworks";
				MACOSX_DEPLOYMENT_TARGET = 14.2;
				MARKETING_VERSION = 1.0;
				PRODUCT_BUNDLE_IDENTIFIER = com.weldtactics.SwiftUICharts;
				PRODUCT_NAME = "$(TARGET_NAME)";
				SDKROOT = auto;
				SUPPORTED_PLATFORMS = "iphoneos iphonesimulator macosx";
				SWIFT_EMIT_LOC_STRINGS = YES;
				SWIFT_VERSION = 5.0;
				TARGETED_DEVICE_FAMILY = "1,2";
			};
			name = Release;
		};
		129EFFCB2B9116B800E6D4BC /* Debug */ = {
			isa = XCBuildConfiguration;
			buildSettings = {
				ALWAYS_EMBED_SWIFT_STANDARD_LIBRARIES = YES;
				BUNDLE_LOADER = "$(TEST_HOST)";
				CODE_SIGN_STYLE = Automatic;
				CURRENT_PROJECT_VERSION = 1;
				DEVELOPMENT_TEAM = 8QQYNTY523;
				GENERATE_INFOPLIST_FILE = YES;
				IPHONEOS_DEPLOYMENT_TARGET = 17.2;
				MACOSX_DEPLOYMENT_TARGET = 14.2;
				MARKETING_VERSION = 1.0;
				PRODUCT_BUNDLE_IDENTIFIER = com.weldtactics.SwiftUIChartsTests;
				PRODUCT_NAME = "$(TARGET_NAME)";
				SDKROOT = auto;
				SUPPORTED_PLATFORMS = "iphoneos iphonesimulator macosx";
				SWIFT_EMIT_LOC_STRINGS = NO;
				SWIFT_VERSION = 5.0;
				TARGETED_DEVICE_FAMILY = "1,2";
				TEST_HOST = "$(BUILT_PRODUCTS_DIR)/SwiftUICharts.app/$(BUNDLE_EXECUTABLE_FOLDER_PATH)/SwiftUICharts";
			};
			name = Debug;
		};
		129EFFCC2B9116B800E6D4BC /* Release */ = {
			isa = XCBuildConfiguration;
			buildSettings = {
				ALWAYS_EMBED_SWIFT_STANDARD_LIBRARIES = YES;
				BUNDLE_LOADER = "$(TEST_HOST)";
				CODE_SIGN_STYLE = Automatic;
				CURRENT_PROJECT_VERSION = 1;
				DEVELOPMENT_TEAM = 8QQYNTY523;
				GENERATE_INFOPLIST_FILE = YES;
				IPHONEOS_DEPLOYMENT_TARGET = 17.2;
				MACOSX_DEPLOYMENT_TARGET = 14.2;
				MARKETING_VERSION = 1.0;
				PRODUCT_BUNDLE_IDENTIFIER = com.weldtactics.SwiftUIChartsTests;
				PRODUCT_NAME = "$(TARGET_NAME)";
				SDKROOT = auto;
				SUPPORTED_PLATFORMS = "iphoneos iphonesimulator macosx";
				SWIFT_EMIT_LOC_STRINGS = NO;
				SWIFT_VERSION = 5.0;
				TARGETED_DEVICE_FAMILY = "1,2";
				TEST_HOST = "$(BUILT_PRODUCTS_DIR)/SwiftUICharts.app/$(BUNDLE_EXECUTABLE_FOLDER_PATH)/SwiftUICharts";
			};
			name = Release;
		};
		129EFFCE2B9116B800E6D4BC /* Debug */ = {
			isa = XCBuildConfiguration;
			buildSettings = {
				ALWAYS_EMBED_SWIFT_STANDARD_LIBRARIES = YES;
				CODE_SIGN_STYLE = Automatic;
				CURRENT_PROJECT_VERSION = 1;
				DEVELOPMENT_TEAM = 8QQYNTY523;
				GENERATE_INFOPLIST_FILE = YES;
				IPHONEOS_DEPLOYMENT_TARGET = 17.2;
				MACOSX_DEPLOYMENT_TARGET = 14.2;
				MARKETING_VERSION = 1.0;
				PRODUCT_BUNDLE_IDENTIFIER = com.weldtactics.SwiftUIChartsUITests;
				PRODUCT_NAME = "$(TARGET_NAME)";
				SDKROOT = auto;
				SUPPORTED_PLATFORMS = "iphoneos iphonesimulator macosx";
				SWIFT_EMIT_LOC_STRINGS = NO;
				SWIFT_VERSION = 5.0;
				TARGETED_DEVICE_FAMILY = "1,2";
				TEST_TARGET_NAME = SwiftUICharts;
			};
			name = Debug;
		};
		129EFFCF2B9116B800E6D4BC /* Release */ = {
			isa = XCBuildConfiguration;
			buildSettings = {
				ALWAYS_EMBED_SWIFT_STANDARD_LIBRARIES = YES;
				CODE_SIGN_STYLE = Automatic;
				CURRENT_PROJECT_VERSION = 1;
				DEVELOPMENT_TEAM = 8QQYNTY523;
				GENERATE_INFOPLIST_FILE = YES;
				IPHONEOS_DEPLOYMENT_TARGET = 17.2;
				MACOSX_DEPLOYMENT_TARGET = 14.2;
				MARKETING_VERSION = 1.0;
				PRODUCT_BUNDLE_IDENTIFIER = com.weldtactics.SwiftUIChartsUITests;
				PRODUCT_NAME = "$(TARGET_NAME)";
				SDKROOT = auto;
				SUPPORTED_PLATFORMS = "iphoneos iphonesimulator macosx";
				SWIFT_EMIT_LOC_STRINGS = NO;
				SWIFT_VERSION = 5.0;
				TARGETED_DEVICE_FAMILY = "1,2";
				TEST_TARGET_NAME = SwiftUICharts;
			};
			name = Release;
		};
/* End XCBuildConfiguration section */

/* Begin XCConfigurationList section */
		129EFF9D2B9116B600E6D4BC /* Build configuration list for PBXProject "SwiftUICharts" */ = {
			isa = XCConfigurationList;
			buildConfigurations = (
				129EFFC52B9116B800E6D4BC /* Debug */,
				129EFFC62B9116B800E6D4BC /* Release */,
			);
			defaultConfigurationIsVisible = 0;
			defaultConfigurationName = Release;
		};
		129EFFC72B9116B800E6D4BC /* Build configuration list for PBXNativeTarget "SwiftUICharts" */ = {
			isa = XCConfigurationList;
			buildConfigurations = (
				129EFFC82B9116B800E6D4BC /* Debug */,
				129EFFC92B9116B800E6D4BC /* Release */,
			);
			defaultConfigurationIsVisible = 0;
			defaultConfigurationName = Release;
		};
		129EFFCA2B9116B800E6D4BC /* Build configuration list for PBXNativeTarget "SwiftUIChartsTests" */ = {
			isa = XCConfigurationList;
			buildConfigurations = (
				129EFFCB2B9116B800E6D4BC /* Debug */,
				129EFFCC2B9116B800E6D4BC /* Release */,
			);
			defaultConfigurationIsVisible = 0;
			defaultConfigurationName = Release;
		};
		129EFFCD2B9116B800E6D4BC /* Build configuration list for PBXNativeTarget "SwiftUIChartsUITests" */ = {
			isa = XCConfigurationList;
			buildConfigurations = (
				129EFFCE2B9116B800E6D4BC /* Debug */,
				129EFFCF2B9116B800E6D4BC /* Release */,
			);
			defaultConfigurationIsVisible = 0;
			defaultConfigurationName = Release;
		};
/* End XCConfigurationList section */
	};
	rootObject = 129EFF9A2B9116B600E6D4BC /* Project object */;
}
